
Microsoft Visual Studio Solution File, Format Version 12.00
# Visual Studio Version 17
VisualStudioVersion = 17.5.33424.131
MinimumVisualStudioVersion = 10.0.40219.1
Project("{54A90642-561A-4BB1-A94E-469ADEE60C69}") = "reactapp", "reactapp\reactapp.esproj", "{52B16707-E7D5-40C7-B3E9-AD859126EA6B}"
EndProject
Project("{9A19103F-16F7-4668-BE54-9A1E7A4F7556}") = "webapi", "webapi\webapi.csproj", "{6377BADD-CEC4-43AB-9947-CA7948F87CDE}"
EndProject
Global
	GlobalSection(SolutionConfigurationPlatforms) = preSolution
		Debug|Any CPU = Debug|Any CPU
		Release|Any CPU = Release|Any CPU
	EndGlobalSection
	GlobalSection(ProjectConfigurationPlatforms) = postSolution
		{52B16707-E7D5-40C7-B3E9-AD859126EA6B}.Debug|Any CPU.ActiveCfg = Debug|Any CPU
		{52B16707-E7D5-40C7-B3E9-AD859126EA6B}.Debug|Any CPU.Build.0 = Debug|Any CPU
		{52B16707-E7D5-40C7-B3E9-AD859126EA6B}.Debug|Any CPU.Deploy.0 = Debug|Any CPU
		{52B16707-E7D5-40C7-B3E9-AD859126EA6B}.Release|Any CPU.ActiveCfg = Release|Any CPU
		{52B16707-E7D5-40C7-B3E9-AD859126EA6B}.Release|Any CPU.Build.0 = Release|Any CPU
		{52B16707-E7D5-40C7-B3E9-AD859126EA6B}.Release|Any CPU.Deploy.0 = Release|Any CPU
		{6377BADD-CEC4-43AB-9947-CA7948F87CDE}.Debug|Any CPU.ActiveCfg = Debug|Any CPU
		{6377BADD-CEC4-43AB-9947-CA7948F87CDE}.Debug|Any CPU.Build.0 = Debug|Any CPU
		{6377BADD-CEC4-43AB-9947-CA7948F87CDE}.Release|Any CPU.ActiveCfg = Release|Any CPU
		{6377BADD-CEC4-43AB-9947-CA7948F87CDE}.Release|Any CPU.Build.0 = Release|Any CPU
	EndGlobalSection
	GlobalSection(SolutionProperties) = preSolution
		HideSolutionNode = FALSE
	EndGlobalSection
	GlobalSection(ExtensibilityGlobals) = postSolution
		SolutionGuid = {E7A90CF4-BD44-4232-B50C-320125C6CA62}
	EndGlobalSection
EndGlobal
